
Microsoft Visual Studio Solution File, Format Version 12.00
# Visual Studio Version 16
VisualStudioVersion = 16.0.31321.278
MinimumVisualStudioVersion = 10.0.40219.1
Project("{FAE04EC0-301F-11D3-BF4B-00C04F79EFBC}") = "wcfLoginService", "wcfLoginService\wcfLoginService.csproj", "{DB3E5AA2-74E8-487E-9133-A102132D1268}"
EndProject
Project("{FAE04EC0-301F-11D3-BF4B-00C04F79EFBC}") = "loginServiceClient", "loginServiceClient\loginServiceClient.csproj", "{3AD5AD6C-F13A-42C7-89A2-1D6FA240BC80}"
	ProjectSection(ProjectDependencies) = postProject
		{DB3E5AA2-74E8-487E-9133-A102132D1268} = {DB3E5AA2-74E8-487E-9133-A102132D1268}
	EndProjectSection
EndProject
Global
	GlobalSection(SolutionConfigurationPlatforms) = preSolution
		Debug|Any CPU = Debug|Any CPU
		Release|Any CPU = Release|Any CPU
	EndGlobalSection
	GlobalSection(ProjectConfigurationPlatforms) = postSolution
		{DB3E5AA2-74E8-487E-9133-A102132D1268}.Debug|Any CPU.ActiveCfg = Debug|Any CPU
		{DB3E5AA2-74E8-487E-9133-A102132D1268}.Debug|Any CPU.Build.0 = Debug|Any CPU
		{DB3E5AA2-74E8-487E-9133-A102132D1268}.Release|Any CPU.ActiveCfg = Release|Any CPU
		{DB3E5AA2-74E8-487E-9133-A102132D1268}.Release|Any CPU.Build.0 = Release|Any CPU
		{3AD5AD6C-F13A-42C7-89A2-1D6FA240BC80}.Debug|Any CPU.ActiveCfg = Debug|Any CPU
		{3AD5AD6C-F13A-42C7-89A2-1D6FA240BC80}.Debug|Any CPU.Build.0 = Debug|Any CPU
		{3AD5AD6C-F13A-42C7-89A2-1D6FA240BC80}.Release|Any CPU.ActiveCfg = Release|Any CPU
		{3AD5AD6C-F13A-42C7-89A2-1D6FA240BC80}.Release|Any CPU.Build.0 = Release|Any CPU
	EndGlobalSection
	GlobalSection(SolutionProperties) = preSolution
		HideSolutionNode = FALSE
	EndGlobalSection
	GlobalSection(ExtensibilityGlobals) = postSolution
		SolutionGuid = {69BDD9DC-8702-40CD-A96F-7BA1D84C64DA}
	EndGlobalSection
EndGlobal
